// !$*UTF8*$!
{
	archiveVersion = 1;
	classes = {
	};
	objectVersion = 50;
	objects = {

/* Begin PBXBuildFile section */
		68796E1522BFA32F003B5A4B /* WrapperFlow.swift in Sources */ = {isa = PBXBuildFile; fileRef = 68796E1422BFA32F003B5A4B /* WrapperFlow.swift */; };
		68796E2222BFF4B4003B5A4B /* ContainerFlow.swift in Sources */ = {isa = PBXBuildFile; fileRef = 68796E2122BFF4B4003B5A4B /* ContainerFlow.swift */; };
		6889A4CB2287FB3700DF5741 /* TabBarItem.swift in Sources */ = {isa = PBXBuildFile; fileRef = 6889A4CA2287FB3700DF5741 /* TabBarItem.swift */; };
		68F89B3B22807B0800FC38B0 /* FlowKit.framework in Frameworks */ = {isa = PBXBuildFile; fileRef = 68F89B3122807B0800FC38B0 /* FlowKit.framework */; };
		68F89B4022807B0800FC38B0 /* FlowKitTests.swift in Sources */ = {isa = PBXBuildFile; fileRef = 68F89B3F22807B0800FC38B0 /* FlowKitTests.swift */; };
		68F89B4222807B0800FC38B0 /* FlowKit.h in Headers */ = {isa = PBXBuildFile; fileRef = 68F89B3422807B0800FC38B0 /* FlowKit.h */; settings = {ATTRIBUTES = (Public, ); }; };
		68F89B6322807BAA00FC38B0 /* TabBarItemProtocol.swift in Sources */ = {isa = PBXBuildFile; fileRef = 68F89B4C22807BAA00FC38B0 /* TabBarItemProtocol.swift */; };
		68F89B6422807BAA00FC38B0 /* ActionHandler.swift in Sources */ = {isa = PBXBuildFile; fileRef = 68F89B4D22807BAA00FC38B0 /* ActionHandler.swift */; };
		68F89B6522807BAA00FC38B0 /* Flow.swift in Sources */ = {isa = PBXBuildFile; fileRef = 68F89B4E22807BAA00FC38B0 /* Flow.swift */; };
		68F89B6622807BAA00FC38B0 /* MVP.swift in Sources */ = {isa = PBXBuildFile; fileRef = 68F89B4F22807BAA00FC38B0 /* MVP.swift */; };
		68F89B6822807BAA00FC38B0 /* Cleanable.swift in Sources */ = {isa = PBXBuildFile; fileRef = 68F89B5122807BAA00FC38B0 /* Cleanable.swift */; };
		68F89B6922807BAA00FC38B0 /* Action.swift in Sources */ = {isa = PBXBuildFile; fileRef = 68F89B5222807BAA00FC38B0 /* Action.swift */; };
		68F89B6A22807BAA00FC38B0 /* FlowBuilder.swift in Sources */ = {isa = PBXBuildFile; fileRef = 68F89B5422807BAA00FC38B0 /* FlowBuilder.swift */; };
		68F89B6B22807BAA00FC38B0 /* ExampleFlows.swift in Sources */ = {isa = PBXBuildFile; fileRef = 68F89B5622807BAA00FC38B0 /* ExampleFlows.swift */; };
		68F89B6C22807BAA00FC38B0 /* ExampleSingleScreenFlow.swift in Sources */ = {isa = PBXBuildFile; fileRef = 68F89B5722807BAA00FC38B0 /* ExampleSingleScreenFlow.swift */; };
		68F89B6D22807BAA00FC38B0 /* ExampleView.swift in Sources */ = {isa = PBXBuildFile; fileRef = 68F89B5822807BAA00FC38B0 /* ExampleView.swift */; };
		68F89B6E22807BAA00FC38B0 /* ExamplePresenter.swift in Sources */ = {isa = PBXBuildFile; fileRef = 68F89B5922807BAA00FC38B0 /* ExamplePresenter.swift */; };
		68F89B6F22807BAA00FC38B0 /* WeakWrapper.swift in Sources */ = {isa = PBXBuildFile; fileRef = 68F89B5B22807BAA00FC38B0 /* WeakWrapper.swift */; };
		68F89B7022807BAA00FC38B0 /* WindowBasedRoot.swift in Sources */ = {isa = PBXBuildFile; fileRef = 68F89B5D22807BAA00FC38B0 /* WindowBasedRoot.swift */; };
		68F89B7122807BAA00FC38B0 /* TabBarNavigationFlow.swift in Sources */ = {isa = PBXBuildFile; fileRef = 68F89B5E22807BAA00FC38B0 /* TabBarNavigationFlow.swift */; };
		68F89B7222807BAA00FC38B0 /* BaseActions.swift in Sources */ = {isa = PBXBuildFile; fileRef = 68F89B5F22807BAA00FC38B0 /* BaseActions.swift */; };
		68F89B7322807BAA00FC38B0 /* SingleScreenFlow.swift in Sources */ = {isa = PBXBuildFile; fileRef = 68F89B6022807BAA00FC38B0 /* SingleScreenFlow.swift */; };
		68F89B7422807BAA00FC38B0 /* BaseFlow.swift in Sources */ = {isa = PBXBuildFile; fileRef = 68F89B6122807BAA00FC38B0 /* BaseFlow.swift */; };
		68F89B7522807BAA00FC38B0 /* PushPopNavigationFlow.swift in Sources */ = {isa = PBXBuildFile; fileRef = 68F89B6222807BAA00FC38B0 /* PushPopNavigationFlow.swift */; };
		68F89B792281607D00FC38B0 /* FlowKit.podspec in Resources */ = {isa = PBXBuildFile; fileRef = 68F89B782281607D00FC38B0 /* FlowKit.podspec */; };
		68F89B7F2282A21400FC38B0 /* Errors.swift in Sources */ = {isa = PBXBuildFile; fileRef = 68F89B7E2282A21400FC38B0 /* Errors.swift */; };
/* End PBXBuildFile section */

/* Begin PBXContainerItemProxy section */
		68F89B3C22807B0800FC38B0 /* PBXContainerItemProxy */ = {
			isa = PBXContainerItemProxy;
			containerPortal = 68F89B2822807B0800FC38B0 /* Project object */;
			proxyType = 1;
			remoteGlobalIDString = 68F89B3022807B0800FC38B0;
			remoteInfo = FlowKit;
		};
/* End PBXContainerItemProxy section */

/* Begin PBXFileReference section */
		68796E1422BFA32F003B5A4B /* WrapperFlow.swift */ = {isa = PBXFileReference; lastKnownFileType = sourcecode.swift; path = WrapperFlow.swift; sourceTree = "<group>"; };
		68796E2122BFF4B4003B5A4B /* ContainerFlow.swift */ = {isa = PBXFileReference; lastKnownFileType = sourcecode.swift; path = ContainerFlow.swift; sourceTree = "<group>"; };
		6889A4CA2287FB3700DF5741 /* TabBarItem.swift */ = {isa = PBXFileReference; lastKnownFileType = sourcecode.swift; path = TabBarItem.swift; sourceTree = "<group>"; };
		68F89B3122807B0800FC38B0 /* FlowKit.framework */ = {isa = PBXFileReference; explicitFileType = wrapper.framework; includeInIndex = 0; path = FlowKit.framework; sourceTree = BUILT_PRODUCTS_DIR; };
		68F89B3422807B0800FC38B0 /* FlowKit.h */ = {isa = PBXFileReference; lastKnownFileType = sourcecode.c.h; path = FlowKit.h; sourceTree = "<group>"; };
		68F89B3522807B0800FC38B0 /* Info.plist */ = {isa = PBXFileReference; lastKnownFileType = text.plist.xml; path = Info.plist; sourceTree = "<group>"; };
		68F89B3A22807B0800FC38B0 /* FlowKitTests.xctest */ = {isa = PBXFileReference; explicitFileType = wrapper.cfbundle; includeInIndex = 0; path = FlowKitTests.xctest; sourceTree = BUILT_PRODUCTS_DIR; };
		68F89B3F22807B0800FC38B0 /* FlowKitTests.swift */ = {isa = PBXFileReference; lastKnownFileType = sourcecode.swift; path = FlowKitTests.swift; sourceTree = "<group>"; };
		68F89B4122807B0800FC38B0 /* Info.plist */ = {isa = PBXFileReference; lastKnownFileType = text.plist.xml; path = Info.plist; sourceTree = "<group>"; };
		68F89B4C22807BAA00FC38B0 /* TabBarItemProtocol.swift */ = {isa = PBXFileReference; fileEncoding = 4; lastKnownFileType = sourcecode.swift; path = TabBarItemProtocol.swift; sourceTree = "<group>"; };
		68F89B4D22807BAA00FC38B0 /* ActionHandler.swift */ = {isa = PBXFileReference; fileEncoding = 4; lastKnownFileType = sourcecode.swift; path = ActionHandler.swift; sourceTree = "<group>"; };
		68F89B4E22807BAA00FC38B0 /* Flow.swift */ = {isa = PBXFileReference; fileEncoding = 4; lastKnownFileType = sourcecode.swift; path = Flow.swift; sourceTree = "<group>"; };
		68F89B4F22807BAA00FC38B0 /* MVP.swift */ = {isa = PBXFileReference; fileEncoding = 4; lastKnownFileType = sourcecode.swift; path = MVP.swift; sourceTree = "<group>"; };
		68F89B5122807BAA00FC38B0 /* Cleanable.swift */ = {isa = PBXFileReference; fileEncoding = 4; lastKnownFileType = sourcecode.swift; path = Cleanable.swift; sourceTree = "<group>"; };
		68F89B5222807BAA00FC38B0 /* Action.swift */ = {isa = PBXFileReference; fileEncoding = 4; lastKnownFileType = sourcecode.swift; path = Action.swift; sourceTree = "<group>"; };
		68F89B5422807BAA00FC38B0 /* FlowBuilder.swift */ = {isa = PBXFileReference; fileEncoding = 4; lastKnownFileType = sourcecode.swift; path = FlowBuilder.swift; sourceTree = "<group>"; };
		68F89B5622807BAA00FC38B0 /* ExampleFlows.swift */ = {isa = PBXFileReference; fileEncoding = 4; lastKnownFileType = sourcecode.swift; path = ExampleFlows.swift; sourceTree = "<group>"; };
		68F89B5722807BAA00FC38B0 /* ExampleSingleScreenFlow.swift */ = {isa = PBXFileReference; fileEncoding = 4; lastKnownFileType = sourcecode.swift; path = ExampleSingleScreenFlow.swift; sourceTree = "<group>"; };
		68F89B5822807BAA00FC38B0 /* ExampleView.swift */ = {isa = PBXFileReference; fileEncoding = 4; lastKnownFileType = sourcecode.swift; path = ExampleView.swift; sourceTree = "<group>"; };
		68F89B5922807BAA00FC38B0 /* ExamplePresenter.swift */ = {isa = PBXFileReference; fileEncoding = 4; lastKnownFileType = sourcecode.swift; path = ExamplePresenter.swift; sourceTree = "<group>"; };
		68F89B5B22807BAA00FC38B0 /* WeakWrapper.swift */ = {isa = PBXFileReference; fileEncoding = 4; lastKnownFileType = sourcecode.swift; path = WeakWrapper.swift; sourceTree = "<group>"; };
		68F89B5D22807BAA00FC38B0 /* WindowBasedRoot.swift */ = {isa = PBXFileReference; fileEncoding = 4; lastKnownFileType = sourcecode.swift; path = WindowBasedRoot.swift; sourceTree = "<group>"; };
		68F89B5E22807BAA00FC38B0 /* TabBarNavigationFlow.swift */ = {isa = PBXFileReference; fileEncoding = 4; lastKnownFileType = sourcecode.swift; path = TabBarNavigationFlow.swift; sourceTree = "<group>"; };
		68F89B5F22807BAA00FC38B0 /* BaseActions.swift */ = {isa = PBXFileReference; fileEncoding = 4; lastKnownFileType = sourcecode.swift; path = BaseActions.swift; sourceTree = "<group>"; };
		68F89B6022807BAA00FC38B0 /* SingleScreenFlow.swift */ = {isa = PBXFileReference; fileEncoding = 4; lastKnownFileType = sourcecode.swift; path = SingleScreenFlow.swift; sourceTree = "<group>"; };
		68F89B6122807BAA00FC38B0 /* BaseFlow.swift */ = {isa = PBXFileReference; fileEncoding = 4; lastKnownFileType = sourcecode.swift; path = BaseFlow.swift; sourceTree = "<group>"; };
		68F89B6222807BAA00FC38B0 /* PushPopNavigationFlow.swift */ = {isa = PBXFileReference; fileEncoding = 4; lastKnownFileType = sourcecode.swift; path = PushPopNavigationFlow.swift; sourceTree = "<group>"; };
		68F89B782281607D00FC38B0 /* FlowKit.podspec */ = {isa = PBXFileReference; fileEncoding = 4; lastKnownFileType = text; path = FlowKit.podspec; sourceTree = "<group>"; };
		68F89B7E2282A21400FC38B0 /* Errors.swift */ = {isa = PBXFileReference; fileEncoding = 4; lastKnownFileType = sourcecode.swift; path = Errors.swift; sourceTree = "<group>"; };
/* End PBXFileReference section */

/* Begin PBXFrameworksBuildPhase section */
		68F89B2E22807B0800FC38B0 /* Frameworks */ = {
			isa = PBXFrameworksBuildPhase;
			buildActionMask = 2147483647;
			files = (
			);
			runOnlyForDeploymentPostprocessing = 0;
		};
		68F89B3722807B0800FC38B0 /* Frameworks */ = {
			isa = PBXFrameworksBuildPhase;
			buildActionMask = 2147483647;
			files = (
				68F89B3B22807B0800FC38B0 /* FlowKit.framework in Frameworks */,
			);
			runOnlyForDeploymentPostprocessing = 0;
		};
/* End PBXFrameworksBuildPhase section */

/* Begin PBXGroup section */
		68F89B2722807B0800FC38B0 = {
			isa = PBXGroup;
			children = (
				68F89B782281607D00FC38B0 /* FlowKit.podspec */,
				68F89B3322807B0800FC38B0 /* FlowKit */,
				68F89B3E22807B0800FC38B0 /* FlowKitTests */,
				68F89B3222807B0800FC38B0 /* Products */,
			);
			sourceTree = "<group>";
		};
		68F89B3222807B0800FC38B0 /* Products */ = {
			isa = PBXGroup;
			children = (
				68F89B3122807B0800FC38B0 /* FlowKit.framework */,
				68F89B3A22807B0800FC38B0 /* FlowKitTests.xctest */,
			);
			name = Products;
			sourceTree = "<group>";
		};
		68F89B3322807B0800FC38B0 /* FlowKit */ = {
			isa = PBXGroup;
			children = (
				68F89B4B22807BAA00FC38B0 /* Protocols */,
				68F89B5C22807BAA00FC38B0 /* BaseFlows */,
				68F89B5322807BAA00FC38B0 /* FlowBuilder */,
				68F89B5522807BAA00FC38B0 /* ExampleImplementation */,
				68F89B5A22807BAA00FC38B0 /* WeakWrapper */,
				68F89B3422807B0800FC38B0 /* FlowKit.h */,
				68F89B3522807B0800FC38B0 /* Info.plist */,
			);
			path = FlowKit;
			sourceTree = "<group>";
		};
		68F89B3E22807B0800FC38B0 /* FlowKitTests */ = {
			isa = PBXGroup;
			children = (
				68F89B3F22807B0800FC38B0 /* FlowKitTests.swift */,
				68F89B4122807B0800FC38B0 /* Info.plist */,
			);
			path = FlowKitTests;
			sourceTree = "<group>";
		};
		68F89B4B22807BAA00FC38B0 /* Protocols */ = {
			isa = PBXGroup;
			children = (
				68F89B4C22807BAA00FC38B0 /* TabBarItemProtocol.swift */,
				68F89B4D22807BAA00FC38B0 /* ActionHandler.swift */,
				68F89B4E22807BAA00FC38B0 /* Flow.swift */,
				68F89B4F22807BAA00FC38B0 /* MVP.swift */,
				68F89B5122807BAA00FC38B0 /* Cleanable.swift */,
				68F89B5222807BAA00FC38B0 /* Action.swift */,
			);
			path = Protocols;
			sourceTree = "<group>";
		};
		68F89B5322807BAA00FC38B0 /* FlowBuilder */ = {
			isa = PBXGroup;
			children = (
				68F89B5F22807BAA00FC38B0 /* BaseActions.swift */,
				68F89B5422807BAA00FC38B0 /* FlowBuilder.swift */,
			);
			path = FlowBuilder;
			sourceTree = "<group>";
		};
		68F89B5522807BAA00FC38B0 /* ExampleImplementation */ = {
			isa = PBXGroup;
			children = (
				68F89B5622807BAA00FC38B0 /* ExampleFlows.swift */,
				68F89B5722807BAA00FC38B0 /* ExampleSingleScreenFlow.swift */,
				68F89B5822807BAA00FC38B0 /* ExampleView.swift */,
				68F89B5922807BAA00FC38B0 /* ExamplePresenter.swift */,
			);
			path = ExampleImplementation;
			sourceTree = "<group>";
		};
		68F89B5A22807BAA00FC38B0 /* WeakWrapper */ = {
			isa = PBXGroup;
			children = (
				68F89B5B22807BAA00FC38B0 /* WeakWrapper.swift */,
			);
			path = WeakWrapper;
			sourceTree = "<group>";
		};
		68F89B5C22807BAA00FC38B0 /* BaseFlows */ = {
			isa = PBXGroup;
			children = (
				68F89B5D22807BAA00FC38B0 /* WindowBasedRoot.swift */,
				68F89B5E22807BAA00FC38B0 /* TabBarNavigationFlow.swift */,
				68F89B6022807BAA00FC38B0 /* SingleScreenFlow.swift */,
				68F89B6122807BAA00FC38B0 /* BaseFlow.swift */,
				68F89B6222807BAA00FC38B0 /* PushPopNavigationFlow.swift */,
				68F89B7E2282A21400FC38B0 /* Errors.swift */,
				6889A4CA2287FB3700DF5741 /* TabBarItem.swift */,
				68796E1422BFA32F003B5A4B /* WrapperFlow.swift */,
				68796E2122BFF4B4003B5A4B /* ContainerFlow.swift */,
			);
			path = BaseFlows;
			sourceTree = "<group>";
		};
/* End PBXGroup section */

/* Begin PBXHeadersBuildPhase section */
		68F89B2C22807B0800FC38B0 /* Headers */ = {
			isa = PBXHeadersBuildPhase;
			buildActionMask = 2147483647;
			files = (
				68F89B4222807B0800FC38B0 /* FlowKit.h in Headers */,
			);
			runOnlyForDeploymentPostprocessing = 0;
		};
/* End PBXHeadersBuildPhase section */

/* Begin PBXNativeTarget section */
		68F89B3022807B0800FC38B0 /* FlowKit */ = {
			isa = PBXNativeTarget;
			buildConfigurationList = 68F89B4522807B0800FC38B0 /* Build configuration list for PBXNativeTarget "FlowKit" */;
			buildPhases = (
				68F89B2C22807B0800FC38B0 /* Headers */,
				68F89B2D22807B0800FC38B0 /* Sources */,
				68F89B2E22807B0800FC38B0 /* Frameworks */,
				68F89B2F22807B0800FC38B0 /* Resources */,
			);
			buildRules = (
			);
			dependencies = (
			);
			name = FlowKit;
			productName = FlowKit;
			productReference = 68F89B3122807B0800FC38B0 /* FlowKit.framework */;
			productType = "com.apple.product-type.framework";
		};
		68F89B3922807B0800FC38B0 /* FlowKitTests */ = {
			isa = PBXNativeTarget;
			buildConfigurationList = 68F89B4822807B0800FC38B0 /* Build configuration list for PBXNativeTarget "FlowKitTests" */;
			buildPhases = (
				68F89B3622807B0800FC38B0 /* Sources */,
				68F89B3722807B0800FC38B0 /* Frameworks */,
				68F89B3822807B0800FC38B0 /* Resources */,
			);
			buildRules = (
			);
			dependencies = (
				68F89B3D22807B0800FC38B0 /* PBXTargetDependency */,
			);
			name = FlowKitTests;
			productName = FlowKitTests;
			productReference = 68F89B3A22807B0800FC38B0 /* FlowKitTests.xctest */;
			productType = "com.apple.product-type.bundle.unit-test";
		};
/* End PBXNativeTarget section */

/* Begin PBXProject section */
		68F89B2822807B0800FC38B0 /* Project object */ = {
			isa = PBXProject;
			attributes = {
				LastSwiftUpdateCheck = 1010;
				LastUpgradeCheck = 1010;
				ORGANIZATIONNAME = 214alpha;
				TargetAttributes = {
					68F89B3022807B0800FC38B0 = {
						CreatedOnToolsVersion = 10.1;
					};
					68F89B3922807B0800FC38B0 = {
						CreatedOnToolsVersion = 10.1;
					};
				};
			};
			buildConfigurationList = 68F89B2B22807B0800FC38B0 /* Build configuration list for PBXProject "FlowKit" */;
			compatibilityVersion = "Xcode 9.3";
			developmentRegion = en;
			hasScannedForEncodings = 0;
			knownRegions = (
				en,
			);
			mainGroup = 68F89B2722807B0800FC38B0;
			productRefGroup = 68F89B3222807B0800FC38B0 /* Products */;
			projectDirPath = "";
			projectRoot = "";
			targets = (
				68F89B3022807B0800FC38B0 /* FlowKit */,
				68F89B3922807B0800FC38B0 /* FlowKitTests */,
			);
		};
/* End PBXProject section */

/* Begin PBXResourcesBuildPhase section */
		68F89B2F22807B0800FC38B0 /* Resources */ = {
			isa = PBXResourcesBuildPhase;
			buildActionMask = 2147483647;
			files = (
				68F89B792281607D00FC38B0 /* FlowKit.podspec in Resources */,
			);
			runOnlyForDeploymentPostprocessing = 0;
		};
		68F89B3822807B0800FC38B0 /* Resources */ = {
			isa = PBXResourcesBuildPhase;
			buildActionMask = 2147483647;
			files = (
			);
			runOnlyForDeploymentPostprocessing = 0;
		};
/* End PBXResourcesBuildPhase section */

/* Begin PBXSourcesBuildPhase section */
		68F89B2D22807B0800FC38B0 /* Sources */ = {
			isa = PBXSourcesBuildPhase;
			buildActionMask = 2147483647;
			files = (
				68F89B6522807BAA00FC38B0 /* Flow.swift in Sources */,
				68F89B6B22807BAA00FC38B0 /* ExampleFlows.swift in Sources */,
				6889A4CB2287FB3700DF5741 /* TabBarItem.swift in Sources */,
				68F89B6E22807BAA00FC38B0 /* ExamplePresenter.swift in Sources */,
				68F89B6D22807BAA00FC38B0 /* ExampleView.swift in Sources */,
				68F89B6822807BAA00FC38B0 /* Cleanable.swift in Sources */,
				68F89B6C22807BAA00FC38B0 /* ExampleSingleScreenFlow.swift in Sources */,
				68F89B6F22807BAA00FC38B0 /* WeakWrapper.swift in Sources */,
				68F89B7F2282A21400FC38B0 /* Errors.swift in Sources */,
				68F89B6422807BAA00FC38B0 /* ActionHandler.swift in Sources */,
				68F89B7222807BAA00FC38B0 /* BaseActions.swift in Sources */,
				68F89B6A22807BAA00FC38B0 /* FlowBuilder.swift in Sources */,
				68F89B7422807BAA00FC38B0 /* BaseFlow.swift in Sources */,
				68F89B6322807BAA00FC38B0 /* TabBarItemProtocol.swift in Sources */,
				68F89B7122807BAA00FC38B0 /* TabBarNavigationFlow.swift in Sources */,
				68F89B6922807BAA00FC38B0 /* Action.swift in Sources */,
				68796E1522BFA32F003B5A4B /* WrapperFlow.swift in Sources */,
				68796E2222BFF4B4003B5A4B /* ContainerFlow.swift in Sources */,
				68F89B7022807BAA00FC38B0 /* WindowBasedRoot.swift in Sources */,
				68F89B7522807BAA00FC38B0 /* PushPopNavigationFlow.swift in Sources */,
				68F89B6622807BAA00FC38B0 /* MVP.swift in Sources */,
				68F89B7322807BAA00FC38B0 /* SingleScreenFlow.swift in Sources */,
			);
			runOnlyForDeploymentPostprocessing = 0;
		};
		68F89B3622807B0800FC38B0 /* Sources */ = {
			isa = PBXSourcesBuildPhase;
			buildActionMask = 2147483647;
			files = (
				68F89B4022807B0800FC38B0 /* FlowKitTests.swift in Sources */,
			);
			runOnlyForDeploymentPostprocessing = 0;
		};
/* End PBXSourcesBuildPhase section */

/* Begin PBXTargetDependency section */
		68F89B3D22807B0800FC38B0 /* PBXTargetDependency */ = {
			isa = PBXTargetDependency;
			target = 68F89B3022807B0800FC38B0 /* FlowKit */;
			targetProxy = 68F89B3C22807B0800FC38B0 /* PBXContainerItemProxy */;
		};
/* End PBXTargetDependency section */

/* Begin XCBuildConfiguration section */
		68F89B4322807B0800FC38B0 /* Debug */ = {
			isa = XCBuildConfiguration;
			buildSettings = {
				ALWAYS_SEARCH_USER_PATHS = NO;
				CLANG_ANALYZER_NONNULL = YES;
				CLANG_ANALYZER_NUMBER_OBJECT_CONVERSION = YES_AGGRESSIVE;
				CLANG_CXX_LANGUAGE_STANDARD = "gnu++14";
				CLANG_CXX_LIBRARY = "libc++";
				CLANG_ENABLE_MODULES = YES;
				CLANG_ENABLE_OBJC_ARC = YES;
				CLANG_ENABLE_OBJC_WEAK = YES;
				CLANG_WARN_BLOCK_CAPTURE_AUTORELEASING = YES;
				CLANG_WARN_BOOL_CONVERSION = YES;
				CLANG_WARN_COMMA = YES;
				CLANG_WARN_CONSTANT_CONVERSION = YES;
				CLANG_WARN_DEPRECATED_OBJC_IMPLEMENTATIONS = YES;
				CLANG_WARN_DIRECT_OBJC_ISA_USAGE = YES_ERROR;
				CLANG_WARN_DOCUMENTATION_COMMENTS = YES;
				CLANG_WARN_EMPTY_BODY = YES;
				CLANG_WARN_ENUM_CONVERSION = YES;
				CLANG_WARN_INFINITE_RECURSION = YES;
				CLANG_WARN_INT_CONVERSION = YES;
				CLANG_WARN_NON_LITERAL_NULL_CONVERSION = YES;
				CLANG_WARN_OBJC_IMPLICIT_RETAIN_SELF = YES;
				CLANG_WARN_OBJC_LITERAL_CONVERSION = YES;
				CLANG_WARN_OBJC_ROOT_CLASS = YES_ERROR;
				CLANG_WARN_RANGE_LOOP_ANALYSIS = YES;
				CLANG_WARN_STRICT_PROTOTYPES = YES;
				CLANG_WARN_SUSPICIOUS_MOVE = YES;
				CLANG_WARN_UNGUARDED_AVAILABILITY = YES_AGGRESSIVE;
				CLANG_WARN_UNREACHABLE_CODE = YES;
				CLANG_WARN__DUPLICATE_METHOD_MATCH = YES;
				CODE_SIGN_IDENTITY = "iPhone Developer";
				COPY_PHASE_STRIP = NO;
				CURRENT_PROJECT_VERSION = 1;
				DEBUG_INFORMATION_FORMAT = dwarf;
				ENABLE_STRICT_OBJC_MSGSEND = YES;
				ENABLE_TESTABILITY = YES;
				GCC_C_LANGUAGE_STANDARD = gnu11;
				GCC_DYNAMIC_NO_PIC = NO;
				GCC_NO_COMMON_BLOCKS = YES;
				GCC_OPTIMIZATION_LEVEL = 0;
				GCC_PREPROCESSOR_DEFINITIONS = (
					"DEBUG=1",
					"$(inherited)",
				);
				GCC_WARN_64_TO_32_BIT_CONVERSION = YES;
				GCC_WARN_ABOUT_RETURN_TYPE = YES_ERROR;
				GCC_WARN_UNDECLARED_SELECTOR = YES;
				GCC_WARN_UNINITIALIZED_AUTOS = YES_AGGRESSIVE;
				GCC_WARN_UNUSED_FUNCTION = YES;
				GCC_WARN_UNUSED_VARIABLE = YES;
				IPHONEOS_DEPLOYMENT_TARGET = 12.1;
				MTL_ENABLE_DEBUG_INFO = INCLUDE_SOURCE;
				MTL_FAST_MATH = YES;
				ONLY_ACTIVE_ARCH = YES;
				SDKROOT = iphoneos;
				SWIFT_ACTIVE_COMPILATION_CONDITIONS = DEBUG;
				SWIFT_OPTIMIZATION_LEVEL = "-Onone";
				VERSIONING_SYSTEM = "apple-generic";
				VERSION_INFO_PREFIX = "";
			};
			name = Debug;
		};
		68F89B4422807B0800FC38B0 /* Release */ = {
			isa = XCBuildConfiguration;
			buildSettings = {
				ALWAYS_SEARCH_USER_PATHS = NO;
				CLANG_ANALYZER_NONNULL = YES;
				CLANG_ANALYZER_NUMBER_OBJECT_CONVERSION = YES_AGGRESSIVE;
				CLANG_CXX_LANGUAGE_STANDARD = "gnu++14";
				CLANG_CXX_LIBRARY = "libc++";
				CLANG_ENABLE_MODULES = YES;
				CLANG_ENABLE_OBJC_ARC = YES;
				CLANG_ENABLE_OBJC_WEAK = YES;
				CLANG_WARN_BLOCK_CAPTURE_AUTORELEASING = YES;
				CLANG_WARN_BOOL_CONVERSION = YES;
				CLANG_WARN_COMMA = YES;
				CLANG_WARN_CONSTANT_CONVERSION = YES;
				CLANG_WARN_DEPRECATED_OBJC_IMPLEMENTATIONS = YES;
				CLANG_WARN_DIRECT_OBJC_ISA_USAGE = YES_ERROR;
				CLANG_WARN_DOCUMENTATION_COMMENTS = YES;
				CLANG_WARN_EMPTY_BODY = YES;
				CLANG_WARN_ENUM_CONVERSION = YES;
				CLANG_WARN_INFINITE_RECURSION = YES;
				CLANG_WARN_INT_CONVERSION = YES;
				CLANG_WARN_NON_LITERAL_NULL_CONVERSION = YES;
				CLANG_WARN_OBJC_IMPLICIT_RETAIN_SELF = YES;
				CLANG_WARN_OBJC_LITERAL_CONVERSION = YES;
				CLANG_WARN_OBJC_ROOT_CLASS = YES_ERROR;
				CLANG_WARN_RANGE_LOOP_ANALYSIS = YES;
				CLANG_WARN_STRICT_PROTOTYPES = YES;
				CLANG_WARN_SUSPICIOUS_MOVE = YES;
				CLANG_WARN_UNGUARDED_AVAILABILITY = YES_AGGRESSIVE;
				CLANG_WARN_UNREACHABLE_CODE = YES;
				CLANG_WARN__DUPLICATE_METHOD_MATCH = YES;
				CODE_SIGN_IDENTITY = "iPhone Developer";
				COPY_PHASE_STRIP = NO;
				CURRENT_PROJECT_VERSION = 1;
				DEBUG_INFORMATION_FORMAT = "dwarf-with-dsym";
				ENABLE_NS_ASSERTIONS = NO;
				ENABLE_STRICT_OBJC_MSGSEND = YES;
				GCC_C_LANGUAGE_STANDARD = gnu11;
				GCC_NO_COMMON_BLOCKS = YES;
				GCC_WARN_64_TO_32_BIT_CONVERSION = YES;
				GCC_WARN_ABOUT_RETURN_TYPE = YES_ERROR;
				GCC_WARN_UNDECLARED_SELECTOR = YES;
				GCC_WARN_UNINITIALIZED_AUTOS = YES_AGGRESSIVE;
				GCC_WARN_UNUSED_FUNCTION = YES;
				GCC_WARN_UNUSED_VARIABLE = YES;
				IPHONEOS_DEPLOYMENT_TARGET = 12.1;
				MTL_ENABLE_DEBUG_INFO = NO;
				MTL_FAST_MATH = YES;
				SDKROOT = iphoneos;
				SWIFT_COMPILATION_MODE = wholemodule;
				SWIFT_OPTIMIZATION_LEVEL = "-O";
				VALIDATE_PRODUCT = YES;
				VERSIONING_SYSTEM = "apple-generic";
				VERSION_INFO_PREFIX = "";
			};
			name = Release;
		};
		68F89B4622807B0800FC38B0 /* Debug */ = {
			isa = XCBuildConfiguration;
			buildSettings = {
				CODE_SIGN_IDENTITY = "";
				CODE_SIGN_STYLE = Automatic;
				DEFINES_MODULE = YES;
				DEVELOPMENT_TEAM = 9TMYGKKAAG;
				DYLIB_COMPATIBILITY_VERSION = 1;
				DYLIB_CURRENT_VERSION = 1;
				DYLIB_INSTALL_NAME_BASE = "@rpath";
				INFOPLIST_FILE = FlowKit/Info.plist;
				INSTALL_PATH = "$(LOCAL_LIBRARY_DIR)/Frameworks";
				LD_RUNPATH_SEARCH_PATHS = (
					"$(inherited)",
					"@executable_path/Frameworks",
					"@loader_path/Frameworks",
				);
				PRODUCT_BUNDLE_IDENTIFIER = com.214alpha.FlowKit;
				PRODUCT_NAME = "$(TARGET_NAME:c99extidentifier)";
				SKIP_INSTALL = YES;
				SWIFT_VERSION = 4.2;
				TARGETED_DEVICE_FAMILY = "1,2";
			};
			name = Debug;
		};
		68F89B4722807B0800FC38B0 /* Release */ = {
			isa = XCBuildConfiguration;
			buildSettings = {
				CODE_SIGN_IDENTITY = "";
				CODE_SIGN_STYLE = Automatic;
				DEFINES_MODULE = YES;
				DEVELOPMENT_TEAM = 9TMYGKKAAG;
				DYLIB_COMPATIBILITY_VERSION = 1;
				DYLIB_CURRENT_VERSION = 1;
				DYLIB_INSTALL_NAME_BASE = "@rpath";
				INFOPLIST_FILE = FlowKit/Info.plist;
				INSTALL_PATH = "$(LOCAL_LIBRARY_DIR)/Frameworks";
				LD_RUNPATH_SEARCH_PATHS = (
					"$(inherited)",
					"@executable_path/Frameworks",
					"@loader_path/Frameworks",
				);
				PRODUCT_BUNDLE_IDENTIFIER = com.214alpha.FlowKit;
				PRODUCT_NAME = "$(TARGET_NAME:c99extidentifier)";
				SKIP_INSTALL = YES;
				SWIFT_VERSION = 4.2;
				TARGETED_DEVICE_FAMILY = "1,2";
			};
			name = Release;
		};
		68F89B4922807B0800FC38B0 /* Debug */ = {
			isa = XCBuildConfiguration;
			buildSettings = {
				ALWAYS_EMBED_SWIFT_STANDARD_LIBRARIES = YES;
				CODE_SIGN_STYLE = Automatic;
				DEVELOPMENT_TEAM = 9TMYGKKAAG;
				INFOPLIST_FILE = FlowKitTests/Info.plist;
				LD_RUNPATH_SEARCH_PATHS = (
					"$(inherited)",
					"@executable_path/Frameworks",
					"@loader_path/Frameworks",
				);
				PRODUCT_BUNDLE_IDENTIFIER = com.214alpha.FlowKitTests;
				PRODUCT_NAME = "$(TARGET_NAME)";
				SWIFT_VERSION = 4.2;
				TARGETED_DEVICE_FAMILY = "1,2";
			};
			name = Debug;
		};
		68F89B4A22807B0800FC38B0 /* Release */ = {
			isa = XCBuildConfiguration;
			buildSettings = {
				ALWAYS_EMBED_SWIFT_STANDARD_LIBRARIES = YES;
				CODE_SIGN_STYLE = Automatic;
				DEVELOPMENT_TEAM = 9TMYGKKAAG;
				INFOPLIST_FILE = FlowKitTests/Info.plist;
				LD_RUNPATH_SEARCH_PATHS = (
					"$(inherited)",
					"@executable_path/Frameworks",
					"@loader_path/Frameworks",
				);
				PRODUCT_BUNDLE_IDENTIFIER = com.214alpha.FlowKitTests;
				PRODUCT_NAME = "$(TARGET_NAME)";
				SWIFT_VERSION = 4.2;
				TARGETED_DEVICE_FAMILY = "1,2";
			};
			name = Release;
		};
/* End XCBuildConfiguration section */

/* Begin XCConfigurationList section */
		68F89B2B22807B0800FC38B0 /* Build configuration list for PBXProject "FlowKit" */ = {
			isa = XCConfigurationList;
			buildConfigurations = (
				68F89B4322807B0800FC38B0 /* Debug */,
				68F89B4422807B0800FC38B0 /* Release */,
			);
			defaultConfigurationIsVisible = 0;
			defaultConfigurationName = Release;
		};
		68F89B4522807B0800FC38B0 /* Build configuration list for PBXNativeTarget "FlowKit" */ = {
			isa = XCConfigurationList;
			buildConfigurations = (
				68F89B4622807B0800FC38B0 /* Debug */,
				68F89B4722807B0800FC38B0 /* Release */,
			);
			defaultConfigurationIsVisible = 0;
			defaultConfigurationName = Release;
		};
		68F89B4822807B0800FC38B0 /* Build configuration list for PBXNativeTarget "FlowKitTests" */ = {
			isa = XCConfigurationList;
			buildConfigurations = (
				68F89B4922807B0800FC38B0 /* Debug */,
				68F89B4A22807B0800FC38B0 /* Release */,
			);
			defaultConfigurationIsVisible = 0;
			defaultConfigurationName = Release;
		};
/* End XCConfigurationList section */
	};
	rootObject = 68F89B2822807B0800FC38B0 /* Project object */;
}
